{
  "nodes": {
    "common_drivers": {
      "flake": false,
      "locked": {
        "lastModified": 1755656743,
        "narHash": "sha256-oALW0Cs1pye6K29IYm0SdBSRtbkTPfnBnyNkeGwTwy8=",
        "owner": "khadas",
        "repo": "common_drivers",
        "rev": "de3acc171f6c5caab9a4d1989bb73df0b73cfa6f",
        "type": "github"
      },
      "original": {
        "owner": "khadas",
        "ref": "khadas-vims-5.15.y",
        "repo": "common_drivers",
        "type": "github"
      }
    },
    "dt-overlays": {
      "flake": false,
      "locked": {
        "lastModified": 1756450404,
        "narHash": "sha256-xQ/q6vNe5stckXOhI8vuh9tBhLQaC6kK6q3MSxlNlMk=",
        "owner": "khadas",
        "repo": "khadas-linux-kernel-dt-overlays",
        "rev": "a592952cc5773459dec047ac7f24c852dc259b7b",
        "type": "github"
      },
      "original": {
        "owner": "khadas",
        "repo": "khadas-linux-kernel-dt-overlays",
        "type": "github"
      }
    },
    "flake-utils": {
      "inputs": {
        "systems": "systems"
      },
      "locked": {
        "lastModified": 1731533236,
        "narHash": "sha256-l0KFg5HjrsfsO/JpG+r7fRrqm12kzFHyUHqHCVpMMbI=",
        "owner": "numtide",
        "repo": "flake-utils",
        "rev": "11707dc2f618dd54ca8739b309ec4fc024de578b",
        "type": "github"
      },
      "original": {
        "owner": "numtide",
        "repo": "flake-utils",
        "type": "github"
      }
    },
    "kernel-khadas": {
      "flake": false,
      "locked": {
        "lastModified": 1755656612,
        "narHash": "sha256-VuGB50NhujJWsnDym4Ahv5zxa1TaP/VzhdN7PluuuwQ=",
        "owner": "khadas",
        "repo": "linux",
        "rev": "4e557e233b9da219f48b82bfa313f353386097ec",
        "type": "github"
      },
      "original": {
        "owner": "khadas",
        "ref": "khadas-vims-5.15.y",
        "repo": "linux",
        "type": "github"
      }
    },
    "nixpkgs": {
      "locked": {
        "lastModified": 1735563628,
        "narHash": "sha256-OnSAY7XDSx7CtDoqNh8jwVwh4xNL/2HaJxGjryLWzX8=",
        "owner": "NixOS",
        "repo": "nixpkgs",
        "rev": "b134951a4c9f3c995fd7be05f3243f8ecd65d798",
        "type": "github"
      },
      "original": {
        "owner": "NixOS",
        "ref": "nixos-24.05",
        "repo": "nixpkgs",
        "type": "github"
      }
    },
    "root": {
      "inputs": {
        "common_drivers": "common_drivers",
        "dt-overlays": "dt-overlays",
        "flake-utils": "flake-utils",
        "kernel-khadas": "kernel-khadas",
        "nixpkgs": "nixpkgs",
        "uboot-khadas": "uboot-khadas"
      }
    },
    "systems": {
      "locked": {
        "lastModified": 1681028828,
        "narHash": "sha256-Vy1rq5AaRuLzOxct8nz4T6wlgyUR7zLU309k9mBC768=",
        "owner": "nix-systems",
        "repo": "default",
        "rev": "da67096a3b9bf56a91d16901293e51ba5b49a27e",
        "type": "github"
      },
      "original": {
        "owner": "nix-systems",
        "repo": "default",
        "type": "github"
      }
    },
    "uboot-khadas": {
      "flake": false,
      "locked": {
        "lastModified": 1758768329,
        "narHash": "sha256-K1wf4ii/gIk879OdZ40RXZDPfJr4fZVqoNOHgZruS58=",
        "owner": "khadas",
        "repo": "u-boot",
        "rev": "9834e1b545e3a00ac8d2d49821244acc5b03b3a4",
        "type": "github"
      },
      "original": {
        "owner": "khadas",
        "ref": "khadas-vims-v2019.01",
        "repo": "u-boot",
        "type": "github"
      }
    }
  },
  "root": "root",
  "version": 7
}
